
Microsoft Visual Studio Solution File, Format Version 12.00
# Visual Studio Version 17
VisualStudioVersion = 17.0.31903.59
MinimumVisualStudioVersion = 10.0.40219.1
Project("{8BC9CEB8-8B4A-11D0-8D11-00A0C91BC942}") = "component", "component\component.vcxproj", "{C3B1A2CB-580F-43B6-A559-0E38E93B93D5}"
EndProject
Project("{8BC9CEB8-8B4A-11D0-8D11-00A0C91BC942}") = "app", "app\app.vcxproj", "{687F0302-A840-436A-91DB-91C5191109DF}"
EndProject
Global
	GlobalSection(SolutionConfigurationPlatforms) = preSolution
		Debug|arm64 = Debug|arm64
		Debug|x64 = Debug|x64
		Debug|x86 = Debug|x86
		Release|arm64 = Release|arm64
		Release|x64 = Release|x64
		Release|x86 = Release|x86
	EndGlobalSection
	GlobalSection(ProjectConfigurationPlatforms) = postSolution
		{C3B1A2CB-580F-43B6-A559-0E38E93B93D5}.Debug|arm64.ActiveCfg = Debug|arm64
		{C3B1A2CB-580F-43B6-A559-0E38E93B93D5}.Debug|arm64.Build.0 = Debug|arm64
		{C3B1A2CB-580F-43B6-A559-0E38E93B93D5}.Debug|x64.ActiveCfg = Debug|x64
		{C3B1A2CB-580F-43B6-A559-0E38E93B93D5}.Debug|x64.Build.0 = Debug|x64
		{C3B1A2CB-580F-43B6-A559-0E38E93B93D5}.Debug|x86.ActiveCfg = Debug|Win32
		{C3B1A2CB-580F-43B6-A559-0E38E93B93D5}.Debug|x86.Build.0 = Debug|Win32
		{C3B1A2CB-580F-43B6-A559-0E38E93B93D5}.Release|arm64.ActiveCfg = Release|arm64
		{C3B1A2CB-580F-43B6-A559-0E38E93B93D5}.Release|arm64.Build.0 = Release|arm64
		{C3B1A2CB-580F-43B6-A559-0E38E93B93D5}.Release|x64.ActiveCfg = Release|x64
		{C3B1A2CB-580F-43B6-A559-0E38E93B93D5}.Release|x64.Build.0 = Release|x64
		{C3B1A2CB-580F-43B6-A559-0E38E93B93D5}.Release|x86.ActiveCfg = Release|Win32
		{C3B1A2CB-580F-43B6-A559-0E38E93B93D5}.Release|x86.Build.0 = Release|Win32
		{687F0302-A840-436A-91DB-91C5191109DF}.Debug|arm64.ActiveCfg = Debug|arm64
		{687F0302-A840-436A-91DB-91C5191109DF}.Debug|arm64.Build.0 = Debug|arm64
		{687F0302-A840-436A-91DB-91C5191109DF}.Debug|arm64.Deploy.0 = Debug|arm64
		{687F0302-A840-436A-91DB-91C5191109DF}.Debug|x64.ActiveCfg = Debug|x64
		{687F0302-A840-436A-91DB-91C5191109DF}.Debug|x64.Build.0 = Debug|x64
		{687F0302-A840-436A-91DB-91C5191109DF}.Debug|x64.Deploy.0 = Debug|x64
		{687F0302-A840-436A-91DB-91C5191109DF}.Debug|x86.ActiveCfg = Debug|Win32
		{687F0302-A840-436A-91DB-91C5191109DF}.Debug|x86.Build.0 = Debug|Win32
		{687F0302-A840-436A-91DB-91C5191109DF}.Debug|x86.Deploy.0 = Debug|Win32
		{687F0302-A840-436A-91DB-91C5191109DF}.Release|arm64.ActiveCfg = Release|arm64
		{687F0302-A840-436A-91DB-91C5191109DF}.Release|arm64.Build.0 = Release|arm64
		{687F0302-A840-436A-91DB-91C5191109DF}.Release|arm64.Deploy.0 = Release|arm64
		{687F0302-A840-436A-91DB-91C5191109DF}.Release|x64.ActiveCfg = Release|x64
		{687F0302-A840-436A-91DB-91C5191109DF}.Release|x64.Build.0 = Release|x64
		{687F0302-A840-436A-91DB-91C5191109DF}.Release|x64.Deploy.0 = Release|x64
		{687F0302-A840-436A-91DB-91C5191109DF}.Release|x86.ActiveCfg = Release|Win32
		{687F0302-A840-436A-91DB-91C5191109DF}.Release|x86.Build.0 = Release|Win32
		{687F0302-A840-436A-91DB-91C5191109DF}.Release|x86.Deploy.0 = Release|Win32
	EndGlobalSection
	GlobalSection(SolutionProperties) = preSolution
		HideSolutionNode = FALSE
	EndGlobalSection
	GlobalSection(ExtensibilityGlobals) = postSolution
		SolutionGuid = {FF1A35AD-67A1-42C1-85D5-97D9D69C2C31}
	EndGlobalSection
EndGlobal
